
Microsoft Visual Studio Solution File, Format Version 12.00
# Visual Studio Version 16
VisualStudioVersion = 16.0.29306.81
MinimumVisualStudioVersion = 10.0.40219.1
Project("{FAE04EC0-301F-11D3-BF4B-00C04F79EFBC}") = "VendingMachine", "VendingMachine\VendingMachine.csproj", "{B8861D83-9129-4E6A-8995-D9D156B259E0}"
EndProject
Global
	GlobalSection(SolutionConfigurationPlatforms) = preSolution
		Debug|Any CPU = Debug|Any CPU
		Release|Any CPU = Release|Any CPU
	EndGlobalSection
	GlobalSection(ProjectConfigurationPlatforms) = postSolution
		{B8861D83-9129-4E6A-8995-D9D156B259E0}.Debug|Any CPU.ActiveCfg = Debug|Any CPU
		{B8861D83-9129-4E6A-8995-D9D156B259E0}.Debug|Any CPU.Build.0 = Debug|Any CPU
		{B8861D83-9129-4E6A-8995-D9D156B259E0}.Release|Any CPU.ActiveCfg = Release|Any CPU
		{B8861D83-9129-4E6A-8995-D9D156B259E0}.Release|Any CPU.Build.0 = Release|Any CPU
	EndGlobalSection
	GlobalSection(SolutionProperties) = preSolution
		HideSolutionNode = FALSE
	EndGlobalSection
	GlobalSection(ExtensibilityGlobals) = postSolution
		SolutionGuid = {78595E4B-97F1-4DAC-A444-7E9E01627446}
	EndGlobalSection
EndGlobal
